// !$*UTF8*$!
{
	archiveVersion = 1;
	classes = {
	};
	objectVersion = 48;
	objects = {

/* Begin PBXBuildFile section */
		DB8F9CB71F9F96CE0055C176 /* AppDelegate.swift in Sources */ = {isa = PBXBuildFile; fileRef = DB8F9CB61F9F96CE0055C176 /* AppDelegate.swift */; };
		DB8F9CB91F9F96CE0055C176 /* ViewController.swift in Sources */ = {isa = PBXBuildFile; fileRef = DB8F9CB81F9F96CE0055C176 /* ViewController.swift */; };
		DB8F9CBC1F9F96CE0055C176 /* Main.storyboard in Resources */ = {isa = PBXBuildFile; fileRef = DB8F9CBA1F9F96CE0055C176 /* Main.storyboard */; };
		DB8F9CBE1F9F96CE0055C176 /* Assets.xcassets in Resources */ = {isa = PBXBuildFile; fileRef = DB8F9CBD1F9F96CE0055C176 /* Assets.xcassets */; };
		DB8F9CC11F9F96CE0055C176 /* LaunchScreen.storyboard in Resources */ = {isa = PBXBuildFile; fileRef = DB8F9CBF1F9F96CE0055C176 /* LaunchScreen.storyboard */; };
/* End PBXBuildFile section */

/* Begin PBXFileReference section */
		DB8F9CB31F9F96CE0055C176 /* ProjectEuler.app */ = {isa = PBXFileReference; explicitFileType = wrapper.application; includeInIndex = 0; path = ProjectEuler.app; sourceTree = BUILT_PRODUCTS_DIR; };
		DB8F9CB61F9F96CE0055C176 /* AppDelegate.swift */ = {isa = PBXFileReference; lastKnownFileType = sourcecode.swift; path = AppDelegate.swift; sourceTree = "<group>"; };
		DB8F9CB81F9F96CE0055C176 /* ViewController.swift */ = {isa = PBXFileReference; lastKnownFileType = sourcecode.swift; path = ViewController.swift; sourceTree = "<group>"; };
		DB8F9CBB1F9F96CE0055C176 /* Base */ = {isa = PBXFileReference; lastKnownFileType = file.storyboard; name = Base; path = Base.lproj/Main.storyboard; sourceTree = "<group>"; };
		DB8F9CBD1F9F96CE0055C176 /* Assets.xcassets */ = {isa = PBXFileReference; lastKnownFileType = folder.assetcatalog; path = Assets.xcassets; sourceTree = "<group>"; };
		DB8F9CC01F9F96CE0055C176 /* Base */ = {isa = PBXFileReference; lastKnownFileType = file.storyboard; name = Base; path = Base.lproj/LaunchScreen.storyboard; sourceTree = "<group>"; };
		DB8F9CC21F9F96CE0055C176 /* Info.plist */ = {isa = PBXFileReference; lastKnownFileType = text.plist.xml; path = Info.plist; sourceTree = "<group>"; };
/* End PBXFileReference section */

/* Begin PBXFrameworksBuildPhase section */
		DB8F9CB01F9F96CE0055C176 /* Frameworks */ = {
			isa = PBXFrameworksBuildPhase;
			buildActionMask = 2147483647;
			files = (
			);
			runOnlyForDeploymentPostprocessing = 0;
		};
/* End PBXFrameworksBuildPhase section */

/* Begin PBXGroup section */
		DB8F9CAA1F9F96CE0055C176 = {
			isa = PBXGroup;
			children = (
				DB8F9CB51F9F96CE0055C176 /* ProjectEuler */,
				DB8F9CB41F9F96CE0055C176 /* Products */,
			);
			sourceTree = "<group>";
		};
		DB8F9CB41F9F96CE0055C176 /* Products */ = {
			isa = PBXGroup;
			children = (
				DB8F9CB31F9F96CE0055C176 /* ProjectEuler.app */,
			);
			name = Products;
			sourceTree = "<group>";
		};
		DB8F9CB51F9F96CE0055C176 /* ProjectEuler */ = {
			isa = PBXGroup;
			children = (
				DB8F9CB61F9F96CE0055C176 /* AppDelegate.swift */,
				DB8F9CB81F9F96CE0055C176 /* ViewController.swift */,
				DB8F9CBA1F9F96CE0055C176 /* Main.storyboard */,
				DB8F9CBD1F9F96CE0055C176 /* Assets.xcassets */,
				DB8F9CBF1F9F96CE0055C176 /* LaunchScreen.storyboard */,
				DB8F9CC21F9F96CE0055C176 /* Info.plist */,
			);
			path = ProjectEuler;
			sourceTree = "<group>";
		};
/* End PBXGroup section */

/* Begin PBXNativeTarget section */
		DB8F9CB21F9F96CE0055C176 /* ProjectEuler */ = {
			isa = PBXNativeTarget;
			buildConfigurationList = DB8F9CC51F9F96CE0055C176 /* Build configuration list for PBXNativeTarget "ProjectEuler" */;
			buildPhases = (
				DB8F9CAF1F9F96CE0055C176 /* Sources */,
				DB8F9CB01F9F96CE0055C176 /* Frameworks */,
				DB8F9CB11F9F96CE0055C176 /* Resources */,
			);
			buildRules = (
			);
			dependencies = (
			);
			name = ProjectEuler;
			productName = ProjectEuler;
			productReference = DB8F9CB31F9F96CE0055C176 /* ProjectEuler.app */;
			productType = "com.apple.product-type.application";
		};
/* End PBXNativeTarget section */

/* Begin PBXProject section */
		DB8F9CAB1F9F96CE0055C176 /* Project object */ = {
			isa = PBXProject;
			attributes = {
				LastSwiftUpdateCheck = 0900;
				LastUpgradeCheck = 0900;
				ORGANIZATIONNAME = WebMD;
				TargetAttributes = {
					DB8F9CB21F9F96CE0055C176 = {
						CreatedOnToolsVersion = 9.0.1;
						ProvisioningStyle = Automatic;
					};
				};
			};
			buildConfigurationList = DB8F9CAE1F9F96CE0055C176 /* Build configuration list for PBXProject "ProjectEuler" */;
			compatibilityVersion = "Xcode 8.0";
			developmentRegion = en;
			hasScannedForEncodings = 0;
			knownRegions = (
				en,
				Base,
			);
			mainGroup = DB8F9CAA1F9F96CE0055C176;
			productRefGroup = DB8F9CB41F9F96CE0055C176 /* Products */;
			projectDirPath = "";
			projectRoot = "";
			targets = (
				DB8F9CB21F9F96CE0055C176 /* ProjectEuler */,
			);
		};
/* End PBXProject section */

/* Begin PBXResourcesBuildPhase section */
		DB8F9CB11F9F96CE0055C176 /* Resources */ = {
			isa = PBXResourcesBuildPhase;
			buildActionMask = 2147483647;
			files = (
				DB8F9CC11F9F96CE0055C176 /* LaunchScreen.storyboard in Resources */,
				DB8F9CBE1F9F96CE0055C176 /* Assets.xcassets in Resources */,
				DB8F9CBC1F9F96CE0055C176 /* Main.storyboard in Resources */,
			);
			runOnlyForDeploymentPostprocessing = 0;
		};
/* End PBXResourcesBuildPhase section */

/* Begin PBXSourcesBuildPhase section */
		DB8F9CAF1F9F96CE0055C176 /* Sources */ = {
			isa = PBXSourcesBuildPhase;
			buildActionMask = 2147483647;
			files = (
				DB8F9CB91F9F96CE0055C176 /* ViewController.swift in Sources */,
				DB8F9CB71F9F96CE0055C176 /* AppDelegate.swift in Sources */,
			);
			runOnlyForDeploymentPostprocessing = 0;
		};
/* End PBXSourcesBuildPhase section */

/* Begin PBXVariantGroup section */
		DB8F9CBA1F9F96CE0055C176 /* Main.storyboard */ = {
			isa = PBXVariantGroup;
			children = (
				DB8F9CBB1F9F96CE0055C176 /* Base */,
			);
			name = Main.storyboard;
			sourceTree = "<group>";
		};
		DB8F9CBF1F9F96CE0055C176 /* LaunchScreen.storyboard */ = {
			isa = PBXVariantGroup;
			children = (
				DB8F9CC01F9F96CE0055C176 /* Base */,
			);
			name = LaunchScreen.storyboard;
			sourceTree = "<group>";
		};
/* End PBXVariantGroup section */

/* Begin XCBuildConfiguration section */
		DB8F9CC31F9F96CE0055C176 /* Debug */ = {
			isa = XCBuildConfiguration;
			buildSettings = {
				ALWAYS_SEARCH_USER_PATHS = NO;
				CLANG_ANALYZER_NONNULL = YES;
				CLANG_ANALYZER_NUMBER_OBJECT_CONVERSION = YES_AGGRESSIVE;
				CLANG_CXX_LANGUAGE_STANDARD = "gnu++14";
				CLANG_CXX_LIBRARY = "libc++";
				CLANG_ENABLE_MODULES = YES;
				CLANG_ENABLE_OBJC_ARC = YES;
				CLANG_WARN_BLOCK_CAPTURE_AUTORELEASING = YES;
				CLANG_WARN_BOOL_CONVERSION = YES;
				CLANG_WARN_COMMA = YES;
				CLANG_WARN_CONSTANT_CONVERSION = YES;
				CLANG_WARN_DIRECT_OBJC_ISA_USAGE = YES_ERROR;
				CLANG_WARN_DOCUMENTATION_COMMENTS = YES;
				CLANG_WARN_EMPTY_BODY = YES;
				CLANG_WARN_ENUM_CONVERSION = YES;
				CLANG_WARN_INFINITE_RECURSION = YES;
				CLANG_WARN_INT_CONVERSION = YES;
				CLANG_WARN_NON_LITERAL_NULL_CONVERSION = YES;
				CLANG_WARN_OBJC_LITERAL_CONVERSION = YES;
				CLANG_WARN_OBJC_ROOT_CLASS = YES_ERROR;
				CLANG_WARN_RANGE_LOOP_ANALYSIS = YES;
				CLANG_WARN_STRICT_PROTOTYPES = YES;
				CLANG_WARN_SUSPICIOUS_MOVE = YES;
				CLANG_WARN_UNGUARDED_AVAILABILITY = YES_AGGRESSIVE;
				CLANG_WARN_UNREACHABLE_CODE = YES;
				CLANG_WARN__DUPLICATE_METHOD_MATCH = YES;
				CODE_SIGN_IDENTITY = "iPhone Developer";
				COPY_PHASE_STRIP = NO;
				DEBUG_INFORMATION_FORMAT = dwarf;
				ENABLE_STRICT_OBJC_MSGSEND = YES;
				ENABLE_TESTABILITY = YES;
				GCC_C_LANGUAGE_STANDARD = gnu11;
				GCC_DYNAMIC_NO_PIC = NO;
				GCC_NO_COMMON_BLOCKS = YES;
				GCC_OPTIMIZATION_LEVEL = 0;
				GCC_PREPROCESSOR_DEFINITIONS = (
					"DEBUG=1",
					"$(inherited)",
				);
				GCC_WARN_64_TO_32_BIT_CONVERSION = YES;
				GCC_WARN_ABOUT_RETURN_TYPE = YES_ERROR;
				GCC_WARN_UNDECLARED_SELECTOR = YES;
				GCC_WARN_UNINITIALIZED_AUTOS = YES_AGGRESSIVE;
				GCC_WARN_UNUSED_FUNCTION = YES;
				GCC_WARN_UNUSED_VARIABLE = YES;
				IPHONEOS_DEPLOYMENT_TARGET = 11.0;
				MTL_ENABLE_DEBUG_INFO = YES;
				ONLY_ACTIVE_ARCH = YES;
				SDKROOT = iphoneos;
				SWIFT_ACTIVE_COMPILATION_CONDITIONS = DEBUG;
				SWIFT_OPTIMIZATION_LEVEL = "-Onone";
			};
			name = Debug;
		};
		DB8F9CC41F9F96CE0055C176 /* Release */ = {
			isa = XCBuildConfiguration;
			buildSettings = {
				ALWAYS_SEARCH_USER_PATHS = NO;
				CLANG_ANALYZER_NONNULL = YES;
				CLANG_ANALYZER_NUMBER_OBJECT_CONVERSION = YES_AGGRESSIVE;
				CLANG_CXX_LANGUAGE_STANDARD = "gnu++14";
				CLANG_CXX_LIBRARY = "libc++";
				CLANG_ENABLE_MODULES = YES;
				CLANG_ENABLE_OBJC_ARC = YES;
				CLANG_WARN_BLOCK_CAPTURE_AUTORELEASING = YES;
				CLANG_WARN_BOOL_CONVERSION = YES;
				CLANG_WARN_COMMA = YES;
				CLANG_WARN_CONSTANT_CONVERSION = YES;
				CLANG_WARN_DIRECT_OBJC_ISA_USAGE = YES_ERROR;
				CLANG_WARN_DOCUMENTATION_COMMENTS = YES;
				CLANG_WARN_EMPTY_BODY = YES;
				CLANG_WARN_ENUM_CONVERSION = YES;
				CLANG_WARN_INFINITE_RECURSION = YES;
				CLANG_WARN_INT_CONVERSION = YES;
				CLANG_WARN_NON_LITERAL_NULL_CONVERSION = YES;
				CLANG_WARN_OBJC_LITERAL_CONVERSION = YES;
				CLANG_WARN_OBJC_ROOT_CLASS = YES_ERROR;
				CLANG_WARN_RANGE_LOOP_ANALYSIS = YES;
				CLANG_WARN_STRICT_PROTOTYPES = YES;
				CLANG_WARN_SUSPICIOUS_MOVE = YES;
				CLANG_WARN_UNGUARDED_AVAILABILITY = YES_AGGRESSIVE;
				CLANG_WARN_UNREACHABLE_CODE = YES;
				CLANG_WARN__DUPLICATE_METHOD_MATCH = YES;
				CODE_SIGN_IDENTITY = "iPhone Developer";
				COPY_PHASE_STRIP = NO;
				DEBUG_INFORMATION_FORMAT = "dwarf-with-dsym";
				ENABLE_NS_ASSERTIONS = NO;
				ENABLE_STRICT_OBJC_MSGSEND = YES;
				GCC_C_LANGUAGE_STANDARD = gnu11;
				GCC_NO_COMMON_BLOCKS = YES;
				GCC_WARN_64_TO_32_BIT_CONVERSION = YES;
				GCC_WARN_ABOUT_RETURN_TYPE = YES_ERROR;
				GCC_WARN_UNDECLARED_SELECTOR = YES;
				GCC_WARN_UNINITIALIZED_AUTOS = YES_AGGRESSIVE;
				GCC_WARN_UNUSED_FUNCTION = YES;
				GCC_WARN_UNUSED_VARIABLE = YES;
				IPHONEOS_DEPLOYMENT_TARGET = 11.0;
				MTL_ENABLE_DEBUG_INFO = NO;
				SDKROOT = iphoneos;
				SWIFT_OPTIMIZATION_LEVEL = "-Owholemodule";
				VALIDATE_PRODUCT = YES;
			};
			name = Release;
		};
		DB8F9CC61F9F96CE0055C176 /* Debug */ = {
			isa = XCBuildConfiguration;
			buildSettings = {
				ASSETCATALOG_COMPILER_APPICON_NAME = AppIcon;
				CODE_SIGN_STYLE = Automatic;
				INFOPLIST_FILE = ProjectEuler/Info.plist;
				LD_RUNPATH_SEARCH_PATHS = "$(inherited) @executable_path/Frameworks";
				PRODUCT_BUNDLE_IDENTIFIER = WebMD.ProjectEuler;
				PRODUCT_NAME = "$(TARGET_NAME)";
				SWIFT_VERSION = 4.0;
				TARGETED_DEVICE_FAMILY = "1,2";
			};
			name = Debug;
		};
		DB8F9CC71F9F96CE0055C176 /* Release */ = {
			isa = XCBuildConfiguration;
			buildSettings = {
				ASSETCATALOG_COMPILER_APPICON_NAME = AppIcon;
				CODE_SIGN_STYLE = Automatic;
				INFOPLIST_FILE = ProjectEuler/Info.plist;
				LD_RUNPATH_SEARCH_PATHS = "$(inherited) @executable_path/Frameworks";
				PRODUCT_BUNDLE_IDENTIFIER = WebMD.ProjectEuler;
				PRODUCT_NAME = "$(TARGET_NAME)";
				SWIFT_VERSION = 4.0;
				TARGETED_DEVICE_FAMILY = "1,2";
			};
			name = Release;
		};
/* End XCBuildConfiguration section */

/* Begin XCConfigurationList section */
		DB8F9CAE1F9F96CE0055C176 /* Build configuration list for PBXProject "ProjectEuler" */ = {
			isa = XCConfigurationList;
			buildConfigurations = (
				DB8F9CC31F9F96CE0055C176 /* Debug */,
				DB8F9CC41F9F96CE0055C176 /* Release */,
			);
			defaultConfigurationIsVisible = 0;
			defaultConfigurationName = Release;
		};
		DB8F9CC51F9F96CE0055C176 /* Build configuration list for PBXNativeTarget "ProjectEuler" */ = {
			isa = XCConfigurationList;
			buildConfigurations = (
				DB8F9CC61F9F96CE0055C176 /* Debug */,
				DB8F9CC71F9F96CE0055C176 /* Release */,
			);
			defaultConfigurationIsVisible = 0;
			defaultConfigurationName = Release;
		};
/* End XCConfigurationList section */
	};
	rootObject = DB8F9CAB1F9F96CE0055C176 /* Project object */;
}
